
Microsoft Visual Studio Solution File, Format Version 12.00
# Visual Studio Version 16
VisualStudioVersion = 25.0.1700.6
MinimumVisualStudioVersion = 10.0.40219.1
Project("{FAE04EC0-301F-11D3-BF4B-00C04F79EFBC}") = "ElectionInsights-DotNetCore-WebApp-MVC-Mac", "ElectionInsights-DotNetCore-WebApp-MVC-Mac\ElectionInsights-DotNetCore-WebApp-MVC-Mac.csproj", "{3BF4343E-18EC-44A5-9E98-7E47C6B737B6}"
EndProject
Global
	GlobalSection(SolutionConfigurationPlatforms) = preSolution
		Debug|Any CPU = Debug|Any CPU
		Release|Any CPU = Release|Any CPU
	EndGlobalSection
	GlobalSection(ProjectConfigurationPlatforms) = postSolution
		{3BF4343E-18EC-44A5-9E98-7E47C6B737B6}.Debug|Any CPU.ActiveCfg = Debug|Any CPU
		{3BF4343E-18EC-44A5-9E98-7E47C6B737B6}.Debug|Any CPU.Build.0 = Debug|Any CPU
		{3BF4343E-18EC-44A5-9E98-7E47C6B737B6}.Release|Any CPU.ActiveCfg = Release|Any CPU
		{3BF4343E-18EC-44A5-9E98-7E47C6B737B6}.Release|Any CPU.Build.0 = Release|Any CPU
	EndGlobalSection
	GlobalSection(SolutionProperties) = preSolution
		HideSolutionNode = FALSE
	EndGlobalSection
	GlobalSection(ExtensibilityGlobals) = postSolution
		SolutionGuid = {D9791E76-15E0-4CD7-B5DC-853A26EB66A2}
	EndGlobalSection
EndGlobal
